<?xml version="1.0" encoding="utf-8"?>
<Project ToolsVersion="4.0" xmlns="http://schemas.microsoft.com/developer/msbuild/2003">
  <ItemGroup>
    <Filter Include="User">
      <UniqueIdentifier>{d7583bd1-b17e-4a8a-9ad9-4aaf803bddf0}</UniqueIdentifier>
    </Filter>
    <Filter Include="Nodes">
      <UniqueIdentifier>{415b80d8-4d7f-4692-9a53-0c72334c0b2b}</UniqueIdentifier>
    </Filter>
    <Filter Include="Nodes\ConnectionNode">
      <UniqueIdentifier>{06205fc6-a340-4a2d-ad4a-327afa4979e1}</UniqueIdentifier>
    </Filter>
    <Filter Include="Nodes\VariableGroupNode">
      <UniqueIdentifier>{b43bdc28-9d91-4936-87c9-ff92d1626019}</UniqueIdentifier>
    </Filter>
    <Filter Include="CoreAndPlatform">
      <UniqueIdentifier>{3566f683-5bf3-49f3-9a6c-9e4f2314dd50}</UniqueIdentifier>
    </Filter>
    <Filter Include="Assist">
      <UniqueIdentifier>{bd5540a7-6552-46d5-8f5f-6b9e51573b73}</UniqueIdentifier>
    </Filter>
    <Filter Include="Nodes\RecvNode">
      <UniqueIdentifier>{ccb84b75-8808-478e-9eb7-484ef405862a}</UniqueIdentifier>
    </Filter>
  </ItemGroup>
  <ItemGroup>
    <ClCompile Include="Socket.cpp">
      <Filter>CoreAndPlatform</Filter>
    </ClCompile>
    <ClCompile Include="EndPoint.cpp">
      <Filter>CoreAndPlatform</Filter>
    </ClCompile>
    <ClCompile Include="Platform.cpp">
      <Filter>CoreAndPlatform</Filter>
    </ClCompile>
    <ClCompile Include="Zerodelay.cpp">
      <Filter>User</Filter>
    </ClCompile>
    <ClCompile Include="Netvar.cpp">
      <Filter>User</Filter>
    </ClCompile>
    <ClCompile Include="main.cpp" />
    <ClCompile Include="ConnectionNode.cpp">
      <Filter>Nodes\ConnectionNode</Filter>
    </ClCompile>
    <ClCompile Include="Connection.cpp">
      <Filter>Nodes\ConnectionNode</Filter>
    </ClCompile>
    <ClCompile Include="NetVariable.cpp">
      <Filter>Nodes\VariableGroupNode</Filter>
    </ClCompile>
    <ClCompile Include="VariableGroup.cpp">
      <Filter>Nodes\VariableGroupNode</Filter>
    </ClCompile>
    <ClCompile Include="VariableGroupNode.cpp">
      <Filter>Nodes\VariableGroupNode</Filter>
    </ClCompile>
    <ClCompile Include="RecvNode.cpp">
      <Filter>Nodes\RecvNode</Filter>
    </ClCompile>
    <ClCompile Include="Util.cpp">
      <Filter>Assist</Filter>
    </ClCompile>
    <ClCompile Include="RUDPLink.cpp">
      <Filter>Nodes\RecvNode</Filter>
    </ClCompile>
    <ClCompile Include="CoreNode.cpp">
      <Filter>Nodes</Filter>
    </ClCompile>
  </ItemGroup>
  <ItemGroup>
    <ClInclude Include="Socket.h">
      <Filter>CoreAndPlatform</Filter>
    </ClInclude>
    <ClInclude Include="EndPoint.h">
      <Filter>CoreAndPlatform</Filter>
    </ClInclude>
    <ClInclude Include="Platform.h">
      <Filter>CoreAndPlatform</Filter>
    </ClInclude>
    <ClInclude Include="Zerodelay.h">
      <Filter>User</Filter>
    </ClInclude>
    <ClInclude Include="RpcMacros.h">
      <Filter>User</Filter>
    </ClInclude>
    <ClInclude Include="Netvar.h">
      <Filter>User</Filter>
    </ClInclude>
    <ClInclude Include="ConnectionNode.h">
      <Filter>Nodes\ConnectionNode</Filter>
    </ClInclude>
    <ClInclude Include="Connection.h">
      <Filter>Nodes\ConnectionNode</Filter>
    </ClInclude>
    <ClInclude Include="NetVariable.h">
      <Filter>Nodes\VariableGroupNode</Filter>
    </ClInclude>
    <ClInclude Include="VariableGroup.h">
      <Filter>Nodes\VariableGroupNode</Filter>
    </ClInclude>
    <ClInclude Include="VariableGroupNode.h">
      <Filter>Nodes\VariableGroupNode</Filter>
    </ClInclude>
    <ClInclude Include="SyncGroups.h">
      <Filter>User</Filter>
    </ClInclude>
    <ClInclude Include="RecvNode.h">
      <Filter>Nodes\RecvNode</Filter>
    </ClInclude>
    <ClInclude Include="Util.h">
      <Filter>Assist</Filter>
    </ClInclude>
    <ClInclude Include="RUDPLink.h">
      <Filter>Nodes\RecvNode</Filter>
    </ClInclude>
    <ClInclude Include="CoreNode.h">
      <Filter>Nodes</Filter>
    </ClInclude>
  </ItemGroup>
  <ItemGroup>
    <None Include="..\README.md" />
  </ItemGroup>
</Project>